
Microsoft Visual Studio Solution File, Format Version 12.00
# Visual Studio 15
VisualStudioVersion = 15.0.28307.645
MinimumVisualStudioVersion = 10.0.40219.1
Project("{FAE04EC0-301F-11D3-BF4B-00C04F79EFBC}") = "AnimalsACR", "AnimalsACR\AnimalsACR.csproj", "{4ACA859D-CF2C-4067-88E7-EA8FFDA7AA71}"
EndProject
Global
	GlobalSection(SolutionConfigurationPlatforms) = preSolution
		Debug|Any CPU = Debug|Any CPU
		Release|Any CPU = Release|Any CPU
	EndGlobalSection
	GlobalSection(ProjectConfigurationPlatforms) = postSolution
		{4ACA859D-CF2C-4067-88E7-EA8FFDA7AA71}.Debug|Any CPU.ActiveCfg = Debug|Any CPU
		{4ACA859D-CF2C-4067-88E7-EA8FFDA7AA71}.Debug|Any CPU.Build.0 = Debug|Any CPU
		{4ACA859D-CF2C-4067-88E7-EA8FFDA7AA71}.Release|Any CPU.ActiveCfg = Release|Any CPU
		{4ACA859D-CF2C-4067-88E7-EA8FFDA7AA71}.Release|Any CPU.Build.0 = Release|Any CPU
	EndGlobalSection
	GlobalSection(SolutionProperties) = preSolution
		HideSolutionNode = FALSE
	EndGlobalSection
	GlobalSection(ExtensibilityGlobals) = postSolution
		SolutionGuid = {F8FE7AA5-E92C-40FA-8EAF-0EC96C587794}
	EndGlobalSection
EndGlobal
